
Microsoft Visual Studio Solution File, Format Version 12.00
# Visual Studio Version 17
VisualStudioVersion = 17.11.35327.3
MinimumVisualStudioVersion = 10.0.40219.1
Project("{8BC9CEB8-8B4A-11D0-8D11-00A0C91BC942}") = "PZ5", "PZ5\PZ5.vcxproj", "{78735B47-E916-47B4-84F7-4A03132F0A7E}"
EndProject
Global
	GlobalSection(SolutionConfigurationPlatforms) = preSolution
		Debug|x64 = Debug|x64
		Debug|x86 = Debug|x86
		Release|x64 = Release|x64
		Release|x86 = Release|x86
	EndGlobalSection
	GlobalSection(ProjectConfigurationPlatforms) = postSolution
		{78735B47-E916-47B4-84F7-4A03132F0A7E}.Debug|x64.ActiveCfg = Debug|x64
		{78735B47-E916-47B4-84F7-4A03132F0A7E}.Debug|x64.Build.0 = Debug|x64
		{78735B47-E916-47B4-84F7-4A03132F0A7E}.Debug|x86.ActiveCfg = Debug|Win32
		{78735B47-E916-47B4-84F7-4A03132F0A7E}.Debug|x86.Build.0 = Debug|Win32
		{78735B47-E916-47B4-84F7-4A03132F0A7E}.Release|x64.ActiveCfg = Release|x64
		{78735B47-E916-47B4-84F7-4A03132F0A7E}.Release|x64.Build.0 = Release|x64
		{78735B47-E916-47B4-84F7-4A03132F0A7E}.Release|x86.ActiveCfg = Release|Win32
		{78735B47-E916-47B4-84F7-4A03132F0A7E}.Release|x86.Build.0 = Release|Win32
	EndGlobalSection
	GlobalSection(SolutionProperties) = preSolution
		HideSolutionNode = FALSE
	EndGlobalSection
	GlobalSection(ExtensibilityGlobals) = postSolution
		SolutionGuid = {C56ED70E-7608-4B1C-B77C-52B8AA83FAAE}
	EndGlobalSection
EndGlobal
